
Microsoft Visual Studio Solution File, Format Version 12.00
# Visual Studio 2012
Project("{8BC9CEB8-8B4A-11D0-8D11-00A0C91BC942}") = "Exam1", "Exam1\Exam1.vcxproj", "{4F06EB64-95F1-4EA5-A62F-183DDD30B772}"
EndProject
Global
	GlobalSection(SolutionConfigurationPlatforms) = preSolution
		Debug|Win32 = Debug|Win32
		Release|Win32 = Release|Win32
	EndGlobalSection
	GlobalSection(ProjectConfigurationPlatforms) = postSolution
		{4F06EB64-95F1-4EA5-A62F-183DDD30B772}.Debug|Win32.ActiveCfg = Debug|Win32
		{4F06EB64-95F1-4EA5-A62F-183DDD30B772}.Debug|Win32.Build.0 = Debug|Win32
		{4F06EB64-95F1-4EA5-A62F-183DDD30B772}.Release|Win32.ActiveCfg = Release|Win32
		{4F06EB64-95F1-4EA5-A62F-183DDD30B772}.Release|Win32.Build.0 = Release|Win32
	EndGlobalSection
	GlobalSection(SolutionProperties) = preSolution
		HideSolutionNode = FALSE
	EndGlobalSection
EndGlobal
